{
  "object": {
    "pins": [
      {
        "package": "Syntax",
        "repositoryURL": "https://github.com/nerdsupremacist/Syntax.git",
        "state": {
          "branch": "develop",
          "revision": "4f8eead688ce23a51fab9ecba35b825f325870a4",
          "version": null
        }
      }
    ]
  },
  "version": 1
}
